
Microsoft Visual Studio Solution File, Format Version 12.00
# Visual Studio Version 17
VisualStudioVersion = 17.14.36414.22
MinimumVisualStudioVersion = 10.0.40219.1
Project("{8BC9CEB8-8B4A-11D0-8D11-00A0C91BC942}") = "Demotool", "Demotool\Demotool.vcxproj", "{FC88ED06-6F8D-4ACD-BE21-D88794209911}"
EndProject
Project("{8BC9CEB8-8B4A-11D0-8D11-00A0C91BC942}") = "wav2h", "wav2h\wav2h.vcxproj", "{3978077D-BF45-4F81-8A08-CD785AD126E9}"
EndProject
Project("{8BC9CEB8-8B4A-11D0-8D11-00A0C91BC942}") = "gpla2h", "gpla2h\gpla2h.vcxproj", "{678AECD3-8016-4768-96E9-E999D511763B}"
EndProject
Project("{8BC9CEB8-8B4A-11D0-8D11-00A0C91BC942}") = "Demotool64", "Demotool64\Demotool64.vcxproj", "{2632A27F-0897-40F9-BC8B-6E2FB39B6939}"
EndProject
Global
	GlobalSection(SolutionConfigurationPlatforms) = preSolution
		Debug|Win32 = Debug|Win32
		FileLite|Win32 = FileLite|Win32
		FileRel|Win32 = FileRel|Win32
		MaxFileRel|Win32 = MaxFileRel|Win32
		MaxRel|Win32 = MaxRel|Win32
		Release|Win32 = Release|Win32
	EndGlobalSection
	GlobalSection(ProjectConfigurationPlatforms) = postSolution
		{FC88ED06-6F8D-4ACD-BE21-D88794209911}.Debug|Win32.ActiveCfg = Debug|Win32
		{FC88ED06-6F8D-4ACD-BE21-D88794209911}.Debug|Win32.Build.0 = Debug|Win32
		{FC88ED06-6F8D-4ACD-BE21-D88794209911}.FileLite|Win32.ActiveCfg = FileLite|Win32
		{FC88ED06-6F8D-4ACD-BE21-D88794209911}.FileLite|Win32.Build.0 = FileLite|Win32
		{FC88ED06-6F8D-4ACD-BE21-D88794209911}.FileRel|Win32.ActiveCfg = FileRel|Win32
		{FC88ED06-6F8D-4ACD-BE21-D88794209911}.FileRel|Win32.Build.0 = FileRel|Win32
		{FC88ED06-6F8D-4ACD-BE21-D88794209911}.MaxFileRel|Win32.ActiveCfg = MaxFileRel|Win32
		{FC88ED06-6F8D-4ACD-BE21-D88794209911}.MaxFileRel|Win32.Build.0 = MaxFileRel|Win32
		{FC88ED06-6F8D-4ACD-BE21-D88794209911}.MaxRel|Win32.ActiveCfg = MaxRel|Win32
		{FC88ED06-6F8D-4ACD-BE21-D88794209911}.MaxRel|Win32.Build.0 = MaxRel|Win32
		{FC88ED06-6F8D-4ACD-BE21-D88794209911}.Release|Win32.ActiveCfg = Release|Win32
		{FC88ED06-6F8D-4ACD-BE21-D88794209911}.Release|Win32.Build.0 = Release|Win32
		{3978077D-BF45-4F81-8A08-CD785AD126E9}.Debug|Win32.ActiveCfg = Debug|Win32
		{3978077D-BF45-4F81-8A08-CD785AD126E9}.Debug|Win32.Build.0 = Debug|Win32
		{3978077D-BF45-4F81-8A08-CD785AD126E9}.FileLite|Win32.ActiveCfg = FileLite|x64
		{3978077D-BF45-4F81-8A08-CD785AD126E9}.FileLite|Win32.Build.0 = FileLite|x64
		{3978077D-BF45-4F81-8A08-CD785AD126E9}.FileRel|Win32.ActiveCfg = FileRel|x64
		{3978077D-BF45-4F81-8A08-CD785AD126E9}.FileRel|Win32.Build.0 = FileRel|x64
		{3978077D-BF45-4F81-8A08-CD785AD126E9}.MaxFileRel|Win32.ActiveCfg = MaxFileRel|x64
		{3978077D-BF45-4F81-8A08-CD785AD126E9}.MaxFileRel|Win32.Build.0 = MaxFileRel|x64
		{3978077D-BF45-4F81-8A08-CD785AD126E9}.MaxRel|Win32.ActiveCfg = MaxRel|x64
		{3978077D-BF45-4F81-8A08-CD785AD126E9}.MaxRel|Win32.Build.0 = MaxRel|x64
		{3978077D-BF45-4F81-8A08-CD785AD126E9}.Release|Win32.ActiveCfg = Release|Win32
		{3978077D-BF45-4F81-8A08-CD785AD126E9}.Release|Win32.Build.0 = Release|Win32
		{678AECD3-8016-4768-96E9-E999D511763B}.Debug|Win32.ActiveCfg = Debug|Win32
		{678AECD3-8016-4768-96E9-E999D511763B}.Debug|Win32.Build.0 = Debug|Win32
		{678AECD3-8016-4768-96E9-E999D511763B}.FileLite|Win32.ActiveCfg = FileLite|x64
		{678AECD3-8016-4768-96E9-E999D511763B}.FileLite|Win32.Build.0 = FileLite|x64
		{678AECD3-8016-4768-96E9-E999D511763B}.FileRel|Win32.ActiveCfg = FileRel|x64
		{678AECD3-8016-4768-96E9-E999D511763B}.FileRel|Win32.Build.0 = FileRel|x64
		{678AECD3-8016-4768-96E9-E999D511763B}.MaxFileRel|Win32.ActiveCfg = MaxFileRel|x64
		{678AECD3-8016-4768-96E9-E999D511763B}.MaxFileRel|Win32.Build.0 = MaxFileRel|x64
		{678AECD3-8016-4768-96E9-E999D511763B}.MaxRel|Win32.ActiveCfg = MaxRel|x64
		{678AECD3-8016-4768-96E9-E999D511763B}.MaxRel|Win32.Build.0 = MaxRel|x64
		{678AECD3-8016-4768-96E9-E999D511763B}.Release|Win32.ActiveCfg = Release|Win32
		{678AECD3-8016-4768-96E9-E999D511763B}.Release|Win32.Build.0 = Release|Win32
		{2632A27F-0897-40F9-BC8B-6E2FB39B6939}.Debug|Win32.ActiveCfg = Debug|Win32
		{2632A27F-0897-40F9-BC8B-6E2FB39B6939}.Debug|Win32.Build.0 = Debug|Win32
		{2632A27F-0897-40F9-BC8B-6E2FB39B6939}.FileLite|Win32.ActiveCfg = FileLite|Win32
		{2632A27F-0897-40F9-BC8B-6E2FB39B6939}.FileLite|Win32.Build.0 = FileLite|Win32
		{2632A27F-0897-40F9-BC8B-6E2FB39B6939}.FileRel|Win32.ActiveCfg = FileRel|Win32
		{2632A27F-0897-40F9-BC8B-6E2FB39B6939}.FileRel|Win32.Build.0 = FileRel|Win32
		{2632A27F-0897-40F9-BC8B-6E2FB39B6939}.MaxFileRel|Win32.ActiveCfg = MaxFileRel|Win32
		{2632A27F-0897-40F9-BC8B-6E2FB39B6939}.MaxFileRel|Win32.Build.0 = MaxFileRel|Win32
		{2632A27F-0897-40F9-BC8B-6E2FB39B6939}.MaxRel|Win32.ActiveCfg = MaxRel|Win32
		{2632A27F-0897-40F9-BC8B-6E2FB39B6939}.MaxRel|Win32.Build.0 = MaxRel|Win32
		{2632A27F-0897-40F9-BC8B-6E2FB39B6939}.Release|Win32.ActiveCfg = Release|Win32
		{2632A27F-0897-40F9-BC8B-6E2FB39B6939}.Release|Win32.Build.0 = Release|Win32
	EndGlobalSection
	GlobalSection(SolutionProperties) = preSolution
		HideSolutionNode = FALSE
	EndGlobalSection
	GlobalSection(ExtensibilityGlobals) = postSolution
		SolutionGuid = {B615DAE7-6E89-4577-8671-BC4DBA9C42DE}
	EndGlobalSection
EndGlobal
